
Microsoft Visual Studio Solution File, Format Version 12.00
# Visual Studio 15
VisualStudioVersion = 15.0.27428.2011
MinimumVisualStudioVersion = 10.0.40219.1
Project("{FAE04EC0-301F-11D3-BF4B-00C04F79EFBC}") = "Xcode2GXtest", "Xcode2GXtest\Xcode2GXtest.csproj", "{EC0CC3FE-2D08-41CA-8937-8E560E31E983}"
EndProject
Global
	GlobalSection(SolutionConfigurationPlatforms) = preSolution
		Debug|Any CPU = Debug|Any CPU
		Release|Any CPU = Release|Any CPU
	EndGlobalSection
	GlobalSection(ProjectConfigurationPlatforms) = postSolution
		{EC0CC3FE-2D08-41CA-8937-8E560E31E983}.Debug|Any CPU.ActiveCfg = Debug|Any CPU
		{EC0CC3FE-2D08-41CA-8937-8E560E31E983}.Debug|Any CPU.Build.0 = Debug|Any CPU
		{EC0CC3FE-2D08-41CA-8937-8E560E31E983}.Release|Any CPU.ActiveCfg = Release|Any CPU
		{EC0CC3FE-2D08-41CA-8937-8E560E31E983}.Release|Any CPU.Build.0 = Release|Any CPU
	EndGlobalSection
	GlobalSection(SolutionProperties) = preSolution
		HideSolutionNode = FALSE
	EndGlobalSection
	GlobalSection(ExtensibilityGlobals) = postSolution
		SolutionGuid = {F719068F-50FD-4147-89A6-D77DD7D7D032}
	EndGlobalSection
EndGlobal
